<Solution>
  <Folder Name="/Config/">
    <File Path="../CHANGELOG.md" />
    <File Path="../README.md" />
    <File Path="CodeAnalysis.ruleset" />
    <File Path="global.json" />
  </Folder>
  <Project Path="Credfeto.SourceGeneration.Helpers/Credfeto.SourceGeneration.Helpers.csproj" />
  <Project Path="Credfeto.SourceGeneration.Helpers.Tests/Credfeto.SourceGeneration.Helpers.Tests.csproj" />
</Solution>
